
Microsoft Visual Studio Solution File, Format Version 12.00
# Visual Studio Version 17
VisualStudioVersion = 17.14.36203.30 d17.14
MinimumVisualStudioVersion = 10.0.40219.1
Project("{FAE04EC0-301F-11D3-BF4B-00C04F79EFBC}") = "APIApp", "APIApp.csproj", "{0CBB2B40-81E1-4056-91C2-E9819D66E115}"
EndProject
Global
	GlobalSection(SolutionConfigurationPlatforms) = preSolution
		Debug|Any CPU = Debug|Any CPU
		Release|Any CPU = Release|Any CPU
	EndGlobalSection
	GlobalSection(ProjectConfigurationPlatforms) = postSolution
		{0CBB2B40-81E1-4056-91C2-E9819D66E115}.Debug|Any CPU.ActiveCfg = Debug|Any CPU
		{0CBB2B40-81E1-4056-91C2-E9819D66E115}.Debug|Any CPU.Build.0 = Debug|Any CPU
		{0CBB2B40-81E1-4056-91C2-E9819D66E115}.Release|Any CPU.ActiveCfg = Release|Any CPU
		{0CBB2B40-81E1-4056-91C2-E9819D66E115}.Release|Any CPU.Build.0 = Release|Any CPU
	EndGlobalSection
	GlobalSection(SolutionProperties) = preSolution
		HideSolutionNode = FALSE
	EndGlobalSection
	GlobalSection(ExtensibilityGlobals) = postSolution
		SolutionGuid = {06A550C9-9DCA-49ED-A008-5182F49C24D1}
	EndGlobalSection
EndGlobal
